
Microsoft Visual Studio Solution File, Format Version 12.00
# Visual Studio Version 17
VisualStudioVersion = 17.6.33815.320
MinimumVisualStudioVersion = 10.0.40219.1
Project("{FAE04EC0-301F-11D3-BF4B-00C04F79EFBC}") = "MILTA", "MILTA\MILTA.csproj", "{2D4FF70B-C279-4E53-96FB-79DF13BA16CD}"
EndProject
Project("{FAE04EC0-301F-11D3-BF4B-00C04F79EFBC}") = "DrawingAreaControlLibrary", "DrawingAreaControlLibrary\DrawingAreaControlLibrary.csproj", "{575E19D0-1872-4FE5-A59C-8258978BE213}"
EndProject
Project("{FAE04EC0-301F-11D3-BF4B-00C04F79EFBC}") = "GeometryCore", "GeometryCore\GeometryCore.csproj", "{B652DE09-6366-4DC3-968E-B4B32CC3821C}"
EndProject
Project("{FAE04EC0-301F-11D3-BF4B-00C04F79EFBC}") = "MiltaCore", "MiltaCore\MiltaCore.csproj", "{EB20C892-CFD1-46B7-98C8-497BEA86B613}"
EndProject
Global
	GlobalSection(SolutionConfigurationPlatforms) = preSolution
		Debug|Any CPU = Debug|Any CPU
		Release|Any CPU = Release|Any CPU
	EndGlobalSection
	GlobalSection(ProjectConfigurationPlatforms) = postSolution
		{2D4FF70B-C279-4E53-96FB-79DF13BA16CD}.Debug|Any CPU.ActiveCfg = Debug|Any CPU
		{2D4FF70B-C279-4E53-96FB-79DF13BA16CD}.Debug|Any CPU.Build.0 = Debug|Any CPU
		{2D4FF70B-C279-4E53-96FB-79DF13BA16CD}.Release|Any CPU.ActiveCfg = Release|Any CPU
		{2D4FF70B-C279-4E53-96FB-79DF13BA16CD}.Release|Any CPU.Build.0 = Release|Any CPU
		{575E19D0-1872-4FE5-A59C-8258978BE213}.Debug|Any CPU.ActiveCfg = Debug|Any CPU
		{575E19D0-1872-4FE5-A59C-8258978BE213}.Debug|Any CPU.Build.0 = Debug|Any CPU
		{575E19D0-1872-4FE5-A59C-8258978BE213}.Release|Any CPU.ActiveCfg = Release|Any CPU
		{575E19D0-1872-4FE5-A59C-8258978BE213}.Release|Any CPU.Build.0 = Release|Any CPU
		{B652DE09-6366-4DC3-968E-B4B32CC3821C}.Debug|Any CPU.ActiveCfg = Debug|Any CPU
		{B652DE09-6366-4DC3-968E-B4B32CC3821C}.Debug|Any CPU.Build.0 = Debug|Any CPU
		{B652DE09-6366-4DC3-968E-B4B32CC3821C}.Release|Any CPU.ActiveCfg = Release|Any CPU
		{B652DE09-6366-4DC3-968E-B4B32CC3821C}.Release|Any CPU.Build.0 = Release|Any CPU
		{EB20C892-CFD1-46B7-98C8-497BEA86B613}.Debug|Any CPU.ActiveCfg = Debug|Any CPU
		{EB20C892-CFD1-46B7-98C8-497BEA86B613}.Debug|Any CPU.Build.0 = Debug|Any CPU
		{EB20C892-CFD1-46B7-98C8-497BEA86B613}.Release|Any CPU.ActiveCfg = Release|Any CPU
		{EB20C892-CFD1-46B7-98C8-497BEA86B613}.Release|Any CPU.Build.0 = Release|Any CPU
	EndGlobalSection
	GlobalSection(SolutionProperties) = preSolution
		HideSolutionNode = FALSE
	EndGlobalSection
	GlobalSection(ExtensibilityGlobals) = postSolution
		SolutionGuid = {8449775A-F065-403D-9191-B070DAAF3B2A}
	EndGlobalSection
EndGlobal
